
Microsoft Visual Studio Solution File, Format Version 12.00
# Visual Studio Version 17
VisualStudioVersion = 17.4.33110.190
MinimumVisualStudioVersion = 10.0.40219.1
Project("{FAE04EC0-301F-11D3-BF4B-00C04F79EFBC}") = "AOC7", "AOC7\AOC7.csproj", "{BB808493-BFE8-4BC1-81EC-322DE541B0EF}"
EndProject
Global
	GlobalSection(SolutionConfigurationPlatforms) = preSolution
		Debug|Any CPU = Debug|Any CPU
		Release|Any CPU = Release|Any CPU
	EndGlobalSection
	GlobalSection(ProjectConfigurationPlatforms) = postSolution
		{BB808493-BFE8-4BC1-81EC-322DE541B0EF}.Debug|Any CPU.ActiveCfg = Debug|Any CPU
		{BB808493-BFE8-4BC1-81EC-322DE541B0EF}.Debug|Any CPU.Build.0 = Debug|Any CPU
		{BB808493-BFE8-4BC1-81EC-322DE541B0EF}.Release|Any CPU.ActiveCfg = Release|Any CPU
		{BB808493-BFE8-4BC1-81EC-322DE541B0EF}.Release|Any CPU.Build.0 = Release|Any CPU
	EndGlobalSection
	GlobalSection(SolutionProperties) = preSolution
		HideSolutionNode = FALSE
	EndGlobalSection
	GlobalSection(ExtensibilityGlobals) = postSolution
		SolutionGuid = {AD72F4BB-B76C-496B-99B7-061D69F2C6D6}
	EndGlobalSection
EndGlobal
